# This file is @generated by PDM.
# It is not intended for manual editing.

[metadata]
groups = ["default"]
strategy = ["inherit_metadata"]
lock_version = "4.5.0"
content_hash = "sha256:5f65229051e87096a0b016bddce59c89971c1758a75321d477a4ce391cc31c4a"

[[metadata.targets]]
requires_python = "==3.10.*"

[[package]]
name = "annotated-types"
version = "0.7.0"
requires_python = ">=3.8"
summary = "Reusable constraint types to use with typing.Annotated"
groups = ["default"]
dependencies = [
    "typing-extensions>=4.0.0; python_version < \"3.9\"",
]
files = [
    {file = "annotated_types-0.7.0-py3-none-any.whl", hash = "sha256:1f02e8b43a8fbbc3f3e0d4f0f4bfc8131bcb4eebe8849b8e5c773f3a1c582a53"},
    {file = "annotated_types-0.7.0.tar.gz", hash = "sha256:aff07c09a53a08bc8cfccb9c85b05f1aa9a2a6f23728d790723543408344ce89"},
]

[[package]]
name = "anyio"
version = "4.6.0"
requires_python = ">=3.9"
summary = "High level compatibility layer for multiple asynchronous event loop implementations"
groups = ["default"]
dependencies = [
    "exceptiongroup>=1.0.2; python_version < \"3.11\"",
    "idna>=2.8",
    "sniffio>=1.1",
    "typing-extensions>=4.1; python_version < \"3.11\"",
]
files = [
    {file = "anyio-4.6.0-py3-none-any.whl", hash = "sha256:c7d2e9d63e31599eeb636c8c5c03a7e108d73b345f064f1c19fdc87b79036a9a"},
    {file = "anyio-4.6.0.tar.gz", hash = "sha256:137b4559cbb034c477165047febb6ff83f390fc3b20bf181c1fc0a728cb8beeb"},
]

[[package]]
name = "argparse"
version = "1.4.0"
summary = "Python command-line parsing library"
groups = ["default"]
files = [
    {file = "argparse-1.4.0-py2.py3-none-any.whl", hash = "sha256:c31647edb69fd3d465a847ea3157d37bed1f95f19760b11a47aa91c04b666314"},
    {file = "argparse-1.4.0.tar.gz", hash = "sha256:62b089a55be1d8949cd2bc7e0df0bddb9e028faefc8c32038cc84862aefdd6e4"},
]

[[package]]
name = "certifi"
version = "2024.8.30"
requires_python = ">=3.6"
summary = "Python package for providing Mozilla's CA Bundle."
groups = ["default"]
files = [
    {file = "certifi-2024.8.30-py3-none-any.whl", hash = "sha256:922820b53db7a7257ffbda3f597266d435245903d80737e34f8a45ff3e3230d8"},
    {file = "certifi-2024.8.30.tar.gz", hash = "sha256:bec941d2aa8195e248a60b31ff9f0558284cf01a52591ceda73ea9afffd69fd9"},
]

[[package]]
name = "charset-normalizer"
version = "3.3.2"
requires_python = ">=3.7.0"
summary = "The Real First Universal Charset Detector. Open, modern and actively maintained alternative to Chardet."
groups = ["default"]
files = [
    {file = "charset-normalizer-3.3.2.tar.gz", hash = "sha256:f30c3cb33b24454a82faecaf01b19c18562b1e89558fb6c56de4d9118a032fd5"},
    {file = "charset_normalizer-3.3.2-cp310-cp310-macosx_10_9_universal2.whl", hash = "sha256:25baf083bf6f6b341f4121c2f3c548875ee6f5339300e08be3f2b2ba1721cdd3"},
    {file = "charset_normalizer-3.3.2-cp310-cp310-macosx_10_9_x86_64.whl", hash = "sha256:06435b539f889b1f6f4ac1758871aae42dc3a8c0e24ac9e60c2384973ad73027"},
    {file = "charset_normalizer-3.3.2-cp310-cp310-macosx_11_0_arm64.whl", hash = "sha256:9063e24fdb1e498ab71cb7419e24622516c4a04476b17a2dab57e8baa30d6e03"},
    {file = "charset_normalizer-3.3.2-cp310-cp310-manylinux_2_17_aarch64.manylinux2014_aarch64.whl", hash = "sha256:6897af51655e3691ff853668779c7bad41579facacf5fd7253b0133308cf000d"},
    {file = "charset_normalizer-3.3.2-cp310-cp310-manylinux_2_17_ppc64le.manylinux2014_ppc64le.whl", hash = "sha256:1d3193f4a680c64b4b6a9115943538edb896edc190f0b222e73761716519268e"},
    {file = "charset_normalizer-3.3.2-cp310-cp310-manylinux_2_17_s390x.manylinux2014_s390x.whl", hash = "sha256:cd70574b12bb8a4d2aaa0094515df2463cb429d8536cfb6c7ce983246983e5a6"},
    {file = "charset_normalizer-3.3.2-cp310-cp310-manylinux_2_17_x86_64.manylinux2014_x86_64.whl", hash = "sha256:8465322196c8b4d7ab6d1e049e4c5cb460d0394da4a27d23cc242fbf0034b6b5"},
    {file = "charset_normalizer-3.3.2-cp310-cp310-manylinux_2_5_i686.manylinux1_i686.manylinux_2_17_i686.manylinux2014_i686.whl", hash = "sha256:a9a8e9031d613fd2009c182b69c7b2c1ef8239a0efb1df3f7c8da66d5dd3d537"},
    {file = "charset_normalizer-3.3.2-cp310-cp310-musllinux_1_1_aarch64.whl", hash = "sha256:beb58fe5cdb101e3a055192ac291b7a21e3b7ef4f67fa1d74e331a7f2124341c"},
    {file = "charset_normalizer-3.3.2-cp310-cp310-musllinux_1_1_i686.whl", hash = "sha256:e06ed3eb3218bc64786f7db41917d4e686cc4856944f53d5bdf83a6884432e12"},
    {file = "charset_normalizer-3.3.2-cp310-cp310-musllinux_1_1_ppc64le.whl", hash = "sha256:2e81c7b9c8979ce92ed306c249d46894776a909505d8f5a4ba55b14206e3222f"},
    {file = "charset_normalizer-3.3.2-cp310-cp310-musllinux_1_1_s390x.whl", hash = "sha256:572c3763a264ba47b3cf708a44ce965d98555f618ca42c926a9c1616d8f34269"},
    {file = "charset_normalizer-3.3.2-cp310-cp310-musllinux_1_1_x86_64.whl", hash = "sha256:fd1abc0d89e30cc4e02e4064dc67fcc51bd941eb395c502aac3ec19fab46b519"},
    {file = "charset_normalizer-3.3.2-cp310-cp310-win32.whl", hash = "sha256:3d47fa203a7bd9c5b6cee4736ee84ca03b8ef23193c0d1ca99b5089f72645c73"},
    {file = "charset_normalizer-3.3.2-cp310-cp310-win_amd64.whl", hash = "sha256:10955842570876604d404661fbccbc9c7e684caf432c09c715ec38fbae45ae09"},
    {file = "charset_normalizer-3.3.2-py3-none-any.whl", hash = "sha256:3e4d1f6587322d2788836a99c69062fbb091331ec940e02d12d179c1d53e25fc"},
]

[[package]]
name = "dotenv"
version = "0.0.5"
summary = "Handle .env files"
groups = ["default"]
files = [
    {file = "dotenv-0.0.5.tar.gz", hash = "sha256:b58d2ab3f83dbd4f8a362b21158a606bee87317a9444485566b3c8f0af847091"},
]

[[package]]
name = "exceptiongroup"
version = "1.2.2"
requires_python = ">=3.7"
summary = "Backport of PEP 654 (exception groups)"
groups = ["default"]
marker = "python_version < \"3.11\""
files = [
    {file = "exceptiongroup-1.2.2-py3-none-any.whl", hash = "sha256:3111b9d131c238bec2f8f516e123e14ba243563fb135d3fe885990585aa7795b"},
    {file = "exceptiongroup-1.2.2.tar.gz", hash = "sha256:47c2edf7c6738fafb49fd34290706d1a1a2f4d1c6df275526b62cbb4aa5393cc"},
]

[[package]]
name = "gitdb"
version = "4.0.11"
requires_python = ">=3.7"
summary = "Git Object Database"
groups = ["default"]
dependencies = [
    "smmap<6,>=3.0.1",
]
files = [
    {file = "gitdb-4.0.11-py3-none-any.whl", hash = "sha256:81a3407ddd2ee8df444cbacea00e2d038e40150acfa3001696fe0dcf1d3adfa4"},
    {file = "gitdb-4.0.11.tar.gz", hash = "sha256:bf5421126136d6d0af55bc1e7c1af1c397a34f5b7bd79e776cd3e89785c2b04b"},
]

[[package]]
name = "gitpython"
version = "3.1.43"
requires_python = ">=3.7"
summary = "GitPython is a Python library used to interact with Git repositories"
groups = ["default"]
dependencies = [
    "gitdb<5,>=4.0.1",
    "typing-extensions>=3.7.4.3; python_version < \"3.8\"",
]
files = [
    {file = "GitPython-3.1.43-py3-none-any.whl", hash = "sha256:eec7ec56b92aad751f9912a73404bc02ba212a23adb2c7098ee668417051a1ff"},
    {file = "GitPython-3.1.43.tar.gz", hash = "sha256:35f314a9f878467f5453cc1fee295c3e18e52f1b99f10f6cf5b1682e968a9e7c"},
]

[[package]]
name = "h11"
version = "0.14.0"
requires_python = ">=3.7"
summary = "A pure-Python, bring-your-own-I/O implementation of HTTP/1.1"
groups = ["default"]
dependencies = [
    "typing-extensions; python_version < \"3.8\"",
]
files = [
    {file = "h11-0.14.0-py3-none-any.whl", hash = "sha256:e3fe4ac4b851c468cc8363d500db52c2ead036020723024a109d37346efaa761"},
    {file = "h11-0.14.0.tar.gz", hash = "sha256:8f19fbbe99e72420ff35c00b27a34cb9937e902a8b810e2c88300c6f0a3b699d"},
]

[[package]]
name = "httpcore"
version = "1.0.6"
requires_python = ">=3.8"
summary = "A minimal low-level HTTP client."
groups = ["default"]
dependencies = [
    "certifi",
    "h11<0.15,>=0.13",
]
files = [
    {file = "httpcore-1.0.6-py3-none-any.whl", hash = "sha256:27b59625743b85577a8c0e10e55b50b5368a4f2cfe8cc7bcfa9cf00829c2682f"},
    {file = "httpcore-1.0.6.tar.gz", hash = "sha256:73f6dbd6eb8c21bbf7ef8efad555481853f5f6acdeaff1edb0694289269ee17f"},
]

[[package]]
name = "httpx"
version = "0.27.2"
requires_python = ">=3.8"
summary = "The next generation HTTP client."
groups = ["default"]
dependencies = [
    "anyio",
    "certifi",
    "httpcore==1.*",
    "idna",
    "sniffio",
]
files = [
    {file = "httpx-0.27.2-py3-none-any.whl", hash = "sha256:7bb2708e112d8fdd7829cd4243970f0c223274051cb35ee80c03301ee29a3df0"},
    {file = "httpx-0.27.2.tar.gz", hash = "sha256:f7c2be1d2f3c3c3160d441802406b206c2b76f5947b11115e6df10c6c65e66c2"},
]

[[package]]
name = "idna"
version = "3.10"
requires_python = ">=3.6"
summary = "Internationalized Domain Names in Applications (IDNA)"
groups = ["default"]
files = [
    {file = "idna-3.10-py3-none-any.whl", hash = "sha256:946d195a0d259cbba61165e88e65941f16e9b36ea6ddb97f00452bae8b1287d3"},
    {file = "idna-3.10.tar.gz", hash = "sha256:12f65c9b470abda6dc35cf8e63cc574b1c52b11df2c86030af0ac09b01b13ea9"},
]

[[package]]
name = "jsonpatch"
version = "1.33"
requires_python = ">=2.7, !=3.0.*, !=3.1.*, !=3.2.*, !=3.3.*, !=3.4.*, !=3.5.*, !=3.6.*"
summary = "Apply JSON-Patches (RFC 6902) "
groups = ["default"]
dependencies = [
    "jsonpointer>=1.9",
]
files = [
    {file = "jsonpatch-1.33-py2.py3-none-any.whl", hash = "sha256:0ae28c0cd062bbd8b8ecc26d7d164fbbea9652a1a3693f3b956c1eae5145dade"},
    {file = "jsonpatch-1.33.tar.gz", hash = "sha256:9fcd4009c41e6d12348b4a0ff2563ba56a2923a7dfee731d004e212e1ee5030c"},
]

[[package]]
name = "jsonpointer"
version = "3.0.0"
requires_python = ">=3.7"
summary = "Identify specific nodes in a JSON document (RFC 6901) "
groups = ["default"]
files = [
    {file = "jsonpointer-3.0.0-py2.py3-none-any.whl", hash = "sha256:13e088adc14fca8b6aa8177c044e12701e6ad4b28ff10e65f2267a90109c9942"},
    {file = "jsonpointer-3.0.0.tar.gz", hash = "sha256:2b2d729f2091522d61c3b31f82e11870f60b68f43fbc705cb76bf4b832af59ef"},
]

[[package]]
name = "langchain-core"
version = "0.3.9"
requires_python = "<4.0,>=3.9"
summary = "Building applications with LLMs through composability"
groups = ["default"]
dependencies = [
    "PyYAML>=5.3",
    "jsonpatch<2.0,>=1.33",
    "langsmith<0.2.0,>=0.1.125",
    "packaging<25,>=23.2",
    "pydantic<3.0.0,>=2.5.2; python_full_version < \"3.12.4\"",
    "pydantic<3.0.0,>=2.7.4; python_full_version >= \"3.12.4\"",
    "tenacity!=8.4.0,<9.0.0,>=8.1.0",
    "typing-extensions>=4.7",
]
files = [
    {file = "langchain_core-0.3.9-py3-none-any.whl", hash = "sha256:26efa048666c7de56d0ab311de2c0778b04cbb2ffe95bff76139118f13815d01"},
    {file = "langchain_core-0.3.9.tar.gz", hash = "sha256:7a6ac988d24d0ddce5874b28f538cd95f69f502b7f50581de22aca0dc58199a8"},
]

[[package]]
name = "langchain-ollama"
version = "0.2.0"
requires_python = "<4.0,>=3.9"
summary = "An integration package connecting Ollama and LangChain"
groups = ["default"]
dependencies = [
    "langchain-core<0.4.0,>=0.3.0",
    "ollama<1,>=0.3.0",
]
files = [
    {file = "langchain_ollama-0.2.0-py3-none-any.whl", hash = "sha256:aa5b794599652494a07fd27b22784854480cd4c793f0db5e81ebeccc2affd135"},
    {file = "langchain_ollama-0.2.0.tar.gz", hash = "sha256:250ad9f3edce1a0ca16e4fad19f783ac728d7d76888ba952c462cd9f680353f7"},
]

[[package]]
name = "langsmith"
version = "0.1.131"
requires_python = "<4.0,>=3.8.1"
summary = "Client library to connect to the LangSmith LLM Tracing and Evaluation Platform."
groups = ["default"]
dependencies = [
    "httpx<1,>=0.23.0",
    "orjson<4.0.0,>=3.9.14",
    "pydantic<3,>=1; python_full_version < \"3.12.4\"",
    "pydantic<3.0.0,>=2.7.4; python_full_version >= \"3.12.4\"",
    "requests-toolbelt<2.0.0,>=1.0.0",
    "requests<3,>=2",
]
files = [
    {file = "langsmith-0.1.131-py3-none-any.whl", hash = "sha256:80c106b1c42307195cc0bb3a596472c41ef91b79d15bcee9938307800336c563"},
    {file = "langsmith-0.1.131.tar.gz", hash = "sha256:626101a3bf3ca481e5110d5155ace8aa066e4e9cc2fa7d96c8290ade0fbff797"},
]

[[package]]
name = "ollama"
version = "0.3.3"
requires_python = "<4.0,>=3.8"
summary = "The official Python client for Ollama."
groups = ["default"]
dependencies = [
    "httpx<0.28.0,>=0.27.0",
]
files = [
    {file = "ollama-0.3.3-py3-none-any.whl", hash = "sha256:ca6242ce78ab34758082b7392df3f9f6c2cb1d070a9dede1a4c545c929e16dba"},
    {file = "ollama-0.3.3.tar.gz", hash = "sha256:f90a6d61803117f40b0e8ff17465cab5e1eb24758a473cfe8101aff38bc13b51"},
]

[[package]]
name = "orjson"
version = "3.10.7"
requires_python = ">=3.8"
summary = "Fast, correct Python JSON library supporting dataclasses, datetimes, and numpy"
groups = ["default"]
files = [
    {file = "orjson-3.10.7-cp310-cp310-macosx_10_15_x86_64.macosx_11_0_arm64.macosx_10_15_universal2.whl", hash = "sha256:74f4544f5a6405b90da8ea724d15ac9c36da4d72a738c64685003337401f5c12"},
    {file = "orjson-3.10.7-cp310-cp310-manylinux_2_17_aarch64.manylinux2014_aarch64.whl", hash = "sha256:34a566f22c28222b08875b18b0dfbf8a947e69df21a9ed5c51a6bf91cfb944ac"},
    {file = "orjson-3.10.7-cp310-cp310-manylinux_2_17_armv7l.manylinux2014_armv7l.whl", hash = "sha256:bf6ba8ebc8ef5792e2337fb0419f8009729335bb400ece005606336b7fd7bab7"},
    {file = "orjson-3.10.7-cp310-cp310-manylinux_2_17_ppc64le.manylinux2014_ppc64le.whl", hash = "sha256:ac7cf6222b29fbda9e3a472b41e6a5538b48f2c8f99261eecd60aafbdb60690c"},
    {file = "orjson-3.10.7-cp310-cp310-manylinux_2_17_s390x.manylinux2014_s390x.whl", hash = "sha256:de817e2f5fc75a9e7dd350c4b0f54617b280e26d1631811a43e7e968fa71e3e9"},
    {file = "orjson-3.10.7-cp310-cp310-manylinux_2_17_x86_64.manylinux2014_x86_64.whl", hash = "sha256:348bdd16b32556cf8d7257b17cf2bdb7ab7976af4af41ebe79f9796c218f7e91"},
    {file = "orjson-3.10.7-cp310-cp310-musllinux_1_2_aarch64.whl", hash = "sha256:479fd0844ddc3ca77e0fd99644c7fe2de8e8be1efcd57705b5c92e5186e8a250"},
    {file = "orjson-3.10.7-cp310-cp310-musllinux_1_2_x86_64.whl", hash = "sha256:fdf5197a21dd660cf19dfd2a3ce79574588f8f5e2dbf21bda9ee2d2b46924d84"},
    {file = "orjson-3.10.7-cp310-none-win32.whl", hash = "sha256:d374d36726746c81a49f3ff8daa2898dccab6596864ebe43d50733275c629175"},
    {file = "orjson-3.10.7-cp310-none-win_amd64.whl", hash = "sha256:cb61938aec8b0ffb6eef484d480188a1777e67b05d58e41b435c74b9d84e0b9c"},
    {file = "orjson-3.10.7.tar.gz", hash = "sha256:75ef0640403f945f3a1f9f6400686560dbfb0fb5b16589ad62cd477043c4eee3"},
]

[[package]]
name = "packaging"
version = "24.1"
requires_python = ">=3.8"
summary = "Core utilities for Python packages"
groups = ["default"]
files = [
    {file = "packaging-24.1-py3-none-any.whl", hash = "sha256:5b8f2217dbdbd2f7f384c41c628544e6d52f2d0f53c6d0c3ea61aa5d1d7ff124"},
    {file = "packaging-24.1.tar.gz", hash = "sha256:026ed72c8ed3fcce5bf8950572258698927fd1dbda10a5e981cdf0ac37f4f002"},
]

[[package]]
name = "pydantic"
version = "2.9.2"
requires_python = ">=3.8"
summary = "Data validation using Python type hints"
groups = ["default"]
dependencies = [
    "annotated-types>=0.6.0",
    "pydantic-core==2.23.4",
    "typing-extensions>=4.12.2; python_version >= \"3.13\"",
    "typing-extensions>=4.6.1; python_version < \"3.13\"",
]
files = [
    {file = "pydantic-2.9.2-py3-none-any.whl", hash = "sha256:f048cec7b26778210e28a0459867920654d48e5e62db0958433636cde4254f12"},
    {file = "pydantic-2.9.2.tar.gz", hash = "sha256:d155cef71265d1e9807ed1c32b4c8deec042a44a50a4188b25ac67ecd81a9c0f"},
]

[[package]]
name = "pydantic-core"
version = "2.23.4"
requires_python = ">=3.8"
summary = "Core functionality for Pydantic validation and serialization"
groups = ["default"]
dependencies = [
    "typing-extensions!=4.7.0,>=4.6.0",
]
files = [
    {file = "pydantic_core-2.23.4-cp310-cp310-macosx_10_12_x86_64.whl", hash = "sha256:b10bd51f823d891193d4717448fab065733958bdb6a6b351967bd349d48d5c9b"},
    {file = "pydantic_core-2.23.4-cp310-cp310-macosx_11_0_arm64.whl", hash = "sha256:4fc714bdbfb534f94034efaa6eadd74e5b93c8fa6315565a222f7b6f42ca1166"},
    {file = "pydantic_core-2.23.4-cp310-cp310-manylinux_2_17_aarch64.manylinux2014_aarch64.whl", hash = "sha256:63e46b3169866bd62849936de036f901a9356e36376079b05efa83caeaa02ceb"},
    {file = "pydantic_core-2.23.4-cp310-cp310-manylinux_2_17_armv7l.manylinux2014_armv7l.whl", hash = "sha256:ed1a53de42fbe34853ba90513cea21673481cd81ed1be739f7f2efb931b24916"},
    {file = "pydantic_core-2.23.4-cp310-cp310-manylinux_2_17_ppc64le.manylinux2014_ppc64le.whl", hash = "sha256:cfdd16ab5e59fc31b5e906d1a3f666571abc367598e3e02c83403acabc092e07"},
    {file = "pydantic_core-2.23.4-cp310-cp310-manylinux_2_17_s390x.manylinux2014_s390x.whl", hash = "sha256:255a8ef062cbf6674450e668482456abac99a5583bbafb73f9ad469540a3a232"},
    {file = "pydantic_core-2.23.4-cp310-cp310-manylinux_2_17_x86_64.manylinux2014_x86_64.whl", hash = "sha256:4a7cd62e831afe623fbb7aabbb4fe583212115b3ef38a9f6b71869ba644624a2"},
    {file = "pydantic_core-2.23.4-cp310-cp310-manylinux_2_5_i686.manylinux1_i686.whl", hash = "sha256:f09e2ff1f17c2b51f2bc76d1cc33da96298f0a036a137f5440ab3ec5360b624f"},
    {file = "pydantic_core-2.23.4-cp310-cp310-musllinux_1_1_aarch64.whl", hash = "sha256:e38e63e6f3d1cec5a27e0afe90a085af8b6806ee208b33030e65b6516353f1a3"},
    {file = "pydantic_core-2.23.4-cp310-cp310-musllinux_1_1_x86_64.whl", hash = "sha256:0dbd8dbed2085ed23b5c04afa29d8fd2771674223135dc9bc937f3c09284d071"},
    {file = "pydantic_core-2.23.4-cp310-none-win32.whl", hash = "sha256:6531b7ca5f951d663c339002e91aaebda765ec7d61b7d1e3991051906ddde119"},
    {file = "pydantic_core-2.23.4-cp310-none-win_amd64.whl", hash = "sha256:7c9129eb40958b3d4500fa2467e6a83356b3b61bfff1b414c7361d9220f9ae8f"},
    {file = "pydantic_core-2.23.4-pp310-pypy310_pp73-macosx_10_12_x86_64.whl", hash = "sha256:f455ee30a9d61d3e1a15abd5068827773d6e4dc513e795f380cdd59932c782d5"},
    {file = "pydantic_core-2.23.4-pp310-pypy310_pp73-macosx_11_0_arm64.whl", hash = "sha256:1e90d2e3bd2c3863d48525d297cd143fe541be8bbf6f579504b9712cb6b643ec"},
    {file = "pydantic_core-2.23.4-pp310-pypy310_pp73-manylinux_2_17_aarch64.manylinux2014_aarch64.whl", hash = "sha256:2e203fdf807ac7e12ab59ca2bfcabb38c7cf0b33c41efeb00f8e5da1d86af480"},
    {file = "pydantic_core-2.23.4-pp310-pypy310_pp73-manylinux_2_17_x86_64.manylinux2014_x86_64.whl", hash = "sha256:e08277a400de01bc72436a0ccd02bdf596631411f592ad985dcee21445bd0068"},
    {file = "pydantic_core-2.23.4-pp310-pypy310_pp73-manylinux_2_5_i686.manylinux1_i686.whl", hash = "sha256:f220b0eea5965dec25480b6333c788fb72ce5f9129e8759ef876a1d805d00801"},
    {file = "pydantic_core-2.23.4-pp310-pypy310_pp73-musllinux_1_1_aarch64.whl", hash = "sha256:d06b0c8da4f16d1d1e352134427cb194a0a6e19ad5db9161bf32b2113409e728"},
    {file = "pydantic_core-2.23.4-pp310-pypy310_pp73-musllinux_1_1_x86_64.whl", hash = "sha256:ba1a0996f6c2773bd83e63f18914c1de3c9dd26d55f4ac302a7efe93fb8e7433"},
    {file = "pydantic_core-2.23.4-pp310-pypy310_pp73-win_amd64.whl", hash = "sha256:9a5bce9d23aac8f0cf0836ecfc033896aa8443b501c58d0602dbfd5bd5b37753"},
    {file = "pydantic_core-2.23.4.tar.gz", hash = "sha256:2584f7cf844ac4d970fba483a717dbe10c1c1c96a969bf65d61ffe94df1b2863"},
]

[[package]]
name = "python-dotenv"
version = "1.0.1"
requires_python = ">=3.8"
summary = "Read key-value pairs from a .env file and set them as environment variables"
groups = ["default"]
files = [
    {file = "python-dotenv-1.0.1.tar.gz", hash = "sha256:e324ee90a023d808f1959c46bcbc04446a10ced277783dc6ee09987c37ec10ca"},
    {file = "python_dotenv-1.0.1-py3-none-any.whl", hash = "sha256:f7b63ef50f1b690dddf550d03497b66d609393b40b564ed0d674909a68ebf16a"},
]

[[package]]
name = "pyyaml"
version = "6.0.2"
requires_python = ">=3.8"
summary = "YAML parser and emitter for Python"
groups = ["default"]
files = [
    {file = "PyYAML-6.0.2-cp310-cp310-macosx_10_9_x86_64.whl", hash = "sha256:0a9a2848a5b7feac301353437eb7d5957887edbf81d56e903999a75a3d743086"},
    {file = "PyYAML-6.0.2-cp310-cp310-macosx_11_0_arm64.whl", hash = "sha256:29717114e51c84ddfba879543fb232a6ed60086602313ca38cce623c1d62cfbf"},
    {file = "PyYAML-6.0.2-cp310-cp310-manylinux_2_17_aarch64.manylinux2014_aarch64.whl", hash = "sha256:8824b5a04a04a047e72eea5cec3bc266db09e35de6bdfe34c9436ac5ee27d237"},
    {file = "PyYAML-6.0.2-cp310-cp310-manylinux_2_17_s390x.manylinux2014_s390x.whl", hash = "sha256:7c36280e6fb8385e520936c3cb3b8042851904eba0e58d277dca80a5cfed590b"},
    {file = "PyYAML-6.0.2-cp310-cp310-manylinux_2_17_x86_64.manylinux2014_x86_64.whl", hash = "sha256:ec031d5d2feb36d1d1a24380e4db6d43695f3748343d99434e6f5f9156aaa2ed"},
    {file = "PyYAML-6.0.2-cp310-cp310-musllinux_1_1_aarch64.whl", hash = "sha256:936d68689298c36b53b29f23c6dbb74de12b4ac12ca6cfe0e047bedceea56180"},
    {file = "PyYAML-6.0.2-cp310-cp310-musllinux_1_1_x86_64.whl", hash = "sha256:23502f431948090f597378482b4812b0caae32c22213aecf3b55325e049a6c68"},
    {file = "PyYAML-6.0.2-cp310-cp310-win32.whl", hash = "sha256:2e99c6826ffa974fe6e27cdb5ed0021786b03fc98e5ee3c5bfe1fd5015f42b99"},
    {file = "PyYAML-6.0.2-cp310-cp310-win_amd64.whl", hash = "sha256:a4d3091415f010369ae4ed1fc6b79def9416358877534caf6a0fdd2146c87a3e"},
    {file = "pyyaml-6.0.2.tar.gz", hash = "sha256:d584d9ec91ad65861cc08d42e834324ef890a082e591037abe114850ff7bbc3e"},
]

[[package]]
name = "requests"
version = "2.32.3"
requires_python = ">=3.8"
summary = "Python HTTP for Humans."
groups = ["default"]
dependencies = [
    "certifi>=2017.4.17",
    "charset-normalizer<4,>=2",
    "idna<4,>=2.5",
    "urllib3<3,>=1.21.1",
]
files = [
    {file = "requests-2.32.3-py3-none-any.whl", hash = "sha256:70761cfe03c773ceb22aa2f671b4757976145175cdfca038c02654d061d6dcc6"},
    {file = "requests-2.32.3.tar.gz", hash = "sha256:55365417734eb18255590a9ff9eb97e9e1da868d4ccd6402399eaf68af20a760"},
]

[[package]]
name = "requests-toolbelt"
version = "1.0.0"
requires_python = ">=2.7, !=3.0.*, !=3.1.*, !=3.2.*, !=3.3.*"
summary = "A utility belt for advanced users of python-requests"
groups = ["default"]
dependencies = [
    "requests<3.0.0,>=2.0.1",
]
files = [
    {file = "requests-toolbelt-1.0.0.tar.gz", hash = "sha256:7681a0a3d047012b5bdc0ee37d7f8f07ebe76ab08caeccfc3921ce23c88d5bc6"},
    {file = "requests_toolbelt-1.0.0-py2.py3-none-any.whl", hash = "sha256:cccfdd665f0a24fcf4726e690f65639d272bb0637b9b92dfd91a5568ccf6bd06"},
]

[[package]]
name = "smmap"
version = "5.0.1"
requires_python = ">=3.7"
summary = "A pure Python implementation of a sliding window memory map manager"
groups = ["default"]
files = [
    {file = "smmap-5.0.1-py3-none-any.whl", hash = "sha256:e6d8668fa5f93e706934a62d7b4db19c8d9eb8cf2adbb75ef1b675aa332b69da"},
    {file = "smmap-5.0.1.tar.gz", hash = "sha256:dceeb6c0028fdb6734471eb07c0cd2aae706ccaecab45965ee83f11c8d3b1f62"},
]

[[package]]
name = "sniffio"
version = "1.3.1"
requires_python = ">=3.7"
summary = "Sniff out which async library your code is running under"
groups = ["default"]
files = [
    {file = "sniffio-1.3.1-py3-none-any.whl", hash = "sha256:2f6da418d1f1e0fddd844478f41680e794e6051915791a034ff65e5f100525a2"},
    {file = "sniffio-1.3.1.tar.gz", hash = "sha256:f4324edc670a0f49750a81b895f35c3adb843cca46f0530f79fc1babb23789dc"},
]

[[package]]
name = "tenacity"
version = "8.5.0"
requires_python = ">=3.8"
summary = "Retry code until it succeeds"
groups = ["default"]
files = [
    {file = "tenacity-8.5.0-py3-none-any.whl", hash = "sha256:b594c2a5945830c267ce6b79a166228323ed52718f30302c1359836112346687"},
    {file = "tenacity-8.5.0.tar.gz", hash = "sha256:8bc6c0c8a09b31e6cad13c47afbed1a567518250a9a171418582ed8d9c20ca78"},
]

[[package]]
name = "typing-extensions"
version = "4.12.2"
requires_python = ">=3.8"
summary = "Backported and Experimental Type Hints for Python 3.8+"
groups = ["default"]
files = [
    {file = "typing_extensions-4.12.2-py3-none-any.whl", hash = "sha256:04e5ca0351e0f3f85c6853954072df659d0d13fac324d0072316b67d7794700d"},
    {file = "typing_extensions-4.12.2.tar.gz", hash = "sha256:1a7ead55c7e559dd4dee8856e3a88b41225abfe1ce8df57b7c13915fe121ffb8"},
]

[[package]]
name = "urllib3"
version = "2.2.3"
requires_python = ">=3.8"
summary = "HTTP library with thread-safe connection pooling, file post, and more."
groups = ["default"]
files = [
    {file = "urllib3-2.2.3-py3-none-any.whl", hash = "sha256:ca899ca043dcb1bafa3e262d73aa25c465bfb49e0bd9dd5d59f1d0acba2f8fac"},
    {file = "urllib3-2.2.3.tar.gz", hash = "sha256:e7d814a81dad81e6caf2ec9fdedb284ecc9c73076b62654547cc64ccdcae26e9"},
]
